# THIS IS AN AUTOGENERATED FILE. DO NOT EDIT THIS FILE DIRECTLY.
assets/0-stars.png:
  development: 2018-08-16T18:19:56-04:00   69006c90f76aa926ee6fefc37bda1291
assets/4-stars.png:
  development: 2018-08-16T18:19:56-04:00   9ffa56d15ebded85e54a194638c3d118
assets/5-stars.png:
  development: 2018-08-16T18:19:57-04:00   16bba19cf56b1e916419274d41d72f7b
assets/MetropolisBold.ttf:
  development: 2018-08-16T18:01:38-04:00   034c92740e14d2caf71d7f8613be129b
assets/MetropolisBold.woff:
  development: 2018-08-16T18:01:38-04:00   f08f1813446c1ba2d68b937d06c82ae7
assets/MetropolisBold.woff2:
  development: 2018-08-16T18:01:39-04:00   07b71e4629b42ecbf0d32bdd58ec531a
assets/MetropolisBoldItalic.ttf:
  development: 2018-08-16T18:01:49-04:00   9d4a81cb3dfed21e54244644dd896cd0
assets/MetropolisBoldItalic.woff:
  development: 2018-08-16T18:01:48-04:00   9e2d1c849618f5439269da70f5bb7ef7
assets/MetropolisBoldItalic.woff2:
  development: 2018-08-16T18:01:49-04:00   0bd9c5d5ca85efba880bc04206bc6e50
assets/MetropolisLight.ttf:
  development: 2018-08-16T17:52:15-04:00   36f7c39bdc104277b7ac3fa0d34f6a1a
assets/MetropolisLight.woff:
  development: 2018-08-16T17:52:14-04:00   e8f7c6a25e21c9967c496d1938caac1e
assets/MetropolisLight.woff2:
  development: 2018-08-16T17:52:15-04:00   ac6d1178537f95c91ede1ef29c352622
assets/MetropolisLightItalic.ttf:
  development: 2018-08-16T18:02:08-04:00   b6229023e7b1df7f45fcec276cf107a0
assets/MetropolisLightItalic.woff:
  development: 2018-08-16T18:02:08-04:00   d72b13729496cd3d1da3a8ba23182bf1
assets/MetropolisLightItalic.woff2:
  development: 2018-08-16T18:02:09-04:00   ca2473fd565265489b1c567caaf08b3b
assets/MetropolisMedium.ttf:
  development: 2018-08-16T17:53:20-04:00   8b9eaf980f17079adde123d4771862c0
assets/MetropolisMedium.woff:
  development: 2018-08-16T17:53:19-04:00   58fd80cdc920f5c07ff0170a3b734f38
assets/MetropolisMedium.woff2:
  development: 2018-08-16T17:53:20-04:00   971c87928be17e0ee6d117893d4e7deb
assets/MetropolisRegular.ttf:
  development: 2018-08-17T21:46:28-04:00   ceb7429ef91e6063ae749b383933de2c
assets/MetropolisRegular.woff:
  development: 2018-08-17T21:46:44-04:00   3760de686c9ea1d5d8aa01dcffe95ffc
assets/MetropolisRegular.woff2:
  development: 2018-08-17T21:46:55-04:00   37f8f6b74fd574e231fe3481b4623394
assets/MetropolisSemiBold.ttf:
  development: 2018-08-16T18:02:35-04:00   c175a9936bfe8a58a22134ef3a9744e0
assets/MetropolisSemiBold.woff:
  development: 2018-08-16T18:02:34-04:00   7a3161eaa1f841b597f6b7f882e59483
assets/MetropolisSemiBold.woff2:
  development: 2018-08-16T18:02:35-04:00   5ddec5af1940903a7a0b3beffd2c703a
assets/about-banner.png:
  development: 2018-08-21T17:43:25-04:00   a2b7e860ec60b0ee5afdda5f3ca6107f
assets/accordion-arr-down.png:
  development: 2018-08-16T18:19:57-04:00   db00786ac0b76edb39dc73f8a8f1c09a
assets/accredited.png:
  development: 2018-08-16T18:19:59-04:00   8430eb58014dcee5e9dc56d5f8267b54
assets/affirm-cart.png:
  development: 2018-08-16T18:20:00-04:00   b78760b55652b9986fbfcd107abf633b
assets/affirm-mobile.png:
  development: 2018-08-16T18:20:02-04:00   805da1113cf530600279eea8cc0aa685
assets/affirm-product.png:
  development: 2018-08-16T18:20:03-04:00   40c905357a3b4ebf62e8006db4b8ea1f
assets/affirm.png:
  development: 2018-08-16T18:20:03-04:00   3f28a94eebb7852a7503abd94acd3a4c
assets/amazon-mobile.png:
  development: 2018-08-16T18:20:04-04:00   c18de255b036f0edc5b0c2b8dc4027d4
assets/amazon.png:
  development: 2018-08-16T18:20:06-04:00   4333dc94e34d9e8f689e6f5a9a3b70fe
assets/angle-right-accent.png:
  development: 2018-08-16T18:20:04-04:00   a38ec5acadd700f1aef8b694c251bea1
assets/angle-right.png:
  development: 2018-08-16T18:20:04-04:00   dd89db196476fa02bcb07e480acf1384
assets/apple-touch-icon-180x180.png:
  development: 2018-08-17T20:51:47-04:00   f3a996134219c52778b101ec754baff1
assets/arrow-down.png:
  development: 2018-08-16T18:20:04-04:00   b6e7bf3ee916b4420ac1b66ee445713d
assets/arrow-right.png:
  development: 2018-08-16T18:20:04-04:00   d2ca68f408b989704c73204fd8863132
assets/arrow-select.png:
  development: 2018-08-16T18:20:05-04:00   a653731d0dd984c35f3cc58d72d1e7db
assets/arrow-slider-left.png:
  development: 2018-08-16T18:20:16-04:00   2e7435a96e8b95c569dc8b6f27f9b661
assets/arrow-slider-right.png:
  development: 2018-08-16T18:20:05-04:00   7b8331e3f3d8391780dd8135005983d6
assets/authentic.png:
  development: 2018-08-16T18:20:06-04:00   4d17a7a91b795f89d66d3f30bf6c1777
assets/authorize.png:
  development: 2018-08-16T18:20:20-04:00   55e5dbf24ac14dfead0bccf10ae228d8
assets/cart-dark.png:
  development: 2018-08-16T18:20:09-04:00   79667a755c52893ce1a3d98ba0a6c89d
assets/cart.js:
  development: 2018-08-25T19:44:31-04:00   cedf6838e93468b304bd50c8f0b9519c
assets/cart.png:
  development: 2018-08-16T18:20:11-04:00   b10ddff0872e45bf7a375bcdb8bcbe72
assets/chat.png:
  development: 2018-08-16T18:20:15-04:00   bec863f99ea37e5a7e442b5150d945db
assets/check.png:
  development: 2018-08-16T18:20:15-04:00   19ab70ad13cf5b446690d0de779f878f
assets/checked-color.png:
  development: 2018-08-16T18:20:15-04:00   dee2d2991bd6bf48242a0b40020c8e8f
assets/checkout-paypal.png:
  development: 2018-08-16T18:20:15-04:00   418947dc5ca5bc8c173b8eeb7a018a15
assets/clock.png:
  development: 2018-08-17T00:37:13-04:00   fc6b82c7840e40e66cf61773cb71fdb9
assets/collections.js:
  development: 2018-08-24T13:01:42-04:00   860141554901e5495216c64e71b84e7b
assets/common.js.liquid:
  development: 2018-08-20T18:35:37-04:00   ce4d6954740212d7209f1707658ed83a
assets/compare.png:
  development: 2018-08-16T18:20:15-04:00   f1d5da34fcefd6202a832aa4c7826537
assets/config.codekit3:
  development: 2018-08-16T21:50:45-04:00   cac247c554fe0ab81cf0116f3c8b7f82
assets/diamond.png:
  development: 2018-08-17T00:37:13-04:00   23f872f73229f87d90244a9751a08641
assets/favicon.ico:
  development: 2018-08-17T20:51:47-04:00   e0ebb11a111c4876c62d719f67d6562c
assets/fb.png:
  development: 2018-08-16T18:43:06-04:00   6104894fbd0d6c510ce61bb7b2abb2be
assets/fiber.png:
  development: 2018-08-17T00:37:16-04:00   59761bda7257659795d3f71f6d4c80d2
assets/gp.png:
  development: 2018-08-16T18:21:10-04:00   ad060e6766a003fb0b74bedaa68907fe
assets/heart.png:
  development: 2018-08-17T00:37:16-04:00   2775f7fcf54204defbe28f166ee759b5
assets/inst.png:
  development: 2018-08-16T18:43:36-04:00   d5e62d5052c248d1c271e6a66fee244a
assets/list-check.png:
  development: 2018-08-16T18:20:16-04:00   92efc465729135303e0765bcdc6f3639
assets/logo.png:
  development: 2018-08-16T18:20:22-04:00   25ff4a4ddf7349ae277c94b05e225ba4
assets/mail.png:
  development: 2018-08-16T18:20:20-04:00   367667932177e1b4236021b1532006fc
assets/main.min.css:
  development: 2018-08-17T21:27:45-04:00   333ee3254f551d6f69cb942c9a02b8a0
assets/menu-image-1.png:
  development: 2018-08-16T18:37:39-04:00   edf000d1fc41f1ce1efa4c7d8ca706ac
assets/menu-image-2.png:
  development: 2018-08-16T18:37:25-04:00   ff7ac3dfd6c924464ea15d570166e017
assets/menu-image-3.png:
  development: 2018-08-16T18:37:39-04:00   c95c60bfd02b1d3153ca245c940982f4
assets/minus.png:
  development: 2018-08-16T18:20:21-04:00   71a2a3cc56cec5a2a17c38a6fa7fb932
assets/paypal-mobile.png:
  development: 2018-08-16T18:20:23-04:00   97237245e21777819f46575fa789e53b
assets/paypal.png:
  development: 2018-08-18T00:11:51-04:00   8c9af68e059636add7606750204f2315
assets/phone-dark.png:
  development: 2018-08-16T18:20:22-04:00   963025195bc26b3e4a52dfcf8231ddf3
assets/phone.png:
  development: 2018-08-16T18:20:23-04:00   fe3fafb13124c65a06b2aadfe86060f5
assets/pint.png:
  development: 2018-08-16T18:20:25-04:00   1c23d1a03bce3d70bdf7b01e771d25db
assets/placeholder.png:
  development: 2018-08-16T18:20:38-04:00   41fbf0a52373f04201044315612f7b2e
assets/placemark-small.png:
  development: 2018-08-16T18:20:23-04:00   3167615b8e033df9dba91175c3064920
assets/placemark.png:
  development: 2018-08-16T18:20:24-04:00   b0e810a0385fed88cf2f8eb403dcd7be
assets/plus.png:
  development: 2018-08-16T18:20:27-04:00   e847110ed5eb858eee26e464ebaf7d10
assets/product-1.png:
  development: 2018-08-20T18:48:32-04:00   89b452b079607ec74a7121f735035ff6
assets/products.js.liquid:
  development: 2018-08-23T13:01:44-04:00   2ed2a1e7f81c11fe10c5feb412be9967
assets/scripts.min.js:
  development: 2018-08-25T19:49:21-04:00   84210d065f72a3ad08bf6c17034f0be2
assets/search-dark.png:
  development: 2018-08-16T18:20:31-04:00   1270819e01f3bcb90d32b819597e8276
assets/search.png:
  development: 2018-08-16T18:20:30-04:00   ff08799c3fe7b13ab22ab9829d4ad9f2
assets/slider-arr-down.png:
  development: 2018-08-16T18:20:31-04:00   de7dea2f6e589d9e6c08febb937cc47d
assets/slider-arr-up.png:
  development: 2018-08-16T18:20:31-04:00   b3f6b5a04acc070ff041848e1f8f2fe3
assets/teaser-1.png:
  development: 2018-08-16T18:20:36-04:00   03cf552e5bccc7d71991f6b951515ec8
assets/teaser-2.png:
  development: 2018-08-16T18:20:34-04:00   e97aa16211d51f002a45e58f81397d60
assets/teaser-3.png:
  development: 2018-08-16T18:20:38-04:00   99781e2779100266df614f3511e7ebff
assets/teaser-4.png:
  development: 2018-08-16T18:20:33-04:00   66011d70db21ba6b94ee267b34ed6907
assets/teaser-5.png:
  development: 2018-08-16T18:20:36-04:00   41b537477bfc1a330cc91e3f8e20c396
assets/teaser-6.png:
  development: 2018-08-16T18:20:34-04:00   4bf16648570558de62326f7c041d9c4c
assets/trustwave.png:
  development: 2018-08-16T18:20:35-04:00   fd662aabe1bb5f39b8d25fc450a5308c
assets/tw.png:
  development: 2018-08-16T18:20:37-04:00   5e4ae183303de740a349dc2169cb67f8
assets/user-dark.png:
  development: 2018-08-16T18:20:35-04:00   d897b47e04e66e5d69af783d85713d55
assets/user.png:
  development: 2018-08-16T18:20:37-04:00   c979abf312b51e7e2c5051bf200d96a5
assets/verified.png:
  development: 2018-08-16T18:20:39-04:00   e14297acca1124de7cde5b7e765a12c8
assets/yt.png:
  development: 2018-08-16T18:20:37-04:00   7fd3cae7c38080288be5a2bcbb45b759
layout/checkout.liquid:
  development: 2018-08-25T19:12:26-04:00   f8f963912e3fa81abb451789d2745370
layout/theme.liquid:
  development: 2018-08-23T10:04:37-04:00   f4d1aca4dc86ede52fc04eef0cce4e5c
sections/about.liquid:
  development: 2018-08-25T15:24:07-04:00   bf9dd07815e25fc9429255017257818c
sections/categories.liquid:
  development: 2018-08-17T23:48:50-04:00   9587f0958f9191f09e0b7f4aac893522
sections/collection_content.liquid:
  development: 2018-08-24T15:39:46-04:00   a74e23cf245f182c666f938201c6493f
sections/collection_hero.liquid:
  development: 2018-08-24T10:29:03-04:00   83d8e8265c2520768d587ad1e8d2dc81
sections/contact.liquid:
  development: 2018-08-21T18:22:57-04:00   d2f000b395ba1d2f4a8fe141e53e1723
sections/featured_products_home.liquid:
  development: 2018-08-18T01:26:06-04:00   43703c80190981826185afd3eb5fecac
sections/footer.liquid:
  development: 2018-08-16T20:54:00-04:00   f0cf2fe9c1deae0fd676af4dab229c27
sections/header.liquid:
  development: 2018-08-25T20:23:53-04:00   f22228714268cf90f7352d19d3a2f87a
sections/hero.liquid:
  development: 2018-08-17T21:20:10-04:00   31ec169653959258c4adee9b196dcd2a
sections/menu_about.liquid:
  development: '2018-08-21T16:49:07-04:00   '
sections/product_detail_information.liquid:
  development: 2018-08-23T13:12:43-04:00   cda27fe2d47d2bf0506dc124a7716c8a
sections/services.liquid:
  development: 2018-08-25T15:53:21-04:00   1ea003aea461482b99dc4da6b7af4d0b
sections/ski_and_affirm.liquid:
  development: 2018-08-17T23:41:51-04:00   8fd297b27dbe04ac1d929cdf6816c101
sections/subscribe.liquid:
  development: 2018-08-25T15:26:26-04:00   58c6ccc9f20d79b3af66adfd92c3dfb0
sections/sustainability.liquid:
  development: 2018-08-25T16:10:00-04:00   4782ab26e0c2e9ca586b8b40b00e9028
snippets/basket.liquid:
  development: 2018-07-11T17:33:47-04:00   779c624420983c3103a520e1103c874e
snippets/comment.liquid:
  development: 2018-07-11T17:15:01-04:00   57b2d911c082b9919493111d52cf5e78
snippets/nav-sidebar.liquid:
  development: 2018-08-21T18:27:19-04:00   d2e332c7eebf1c5b65906c80463fbf75
snippets/phone.liquid:
  development: 2018-07-10T23:29:10-04:00   7bc333b7464033c8280ae3cadffc887a
snippets/product_detail.liquid:
  development: 2018-08-24T11:31:16-04:00   07419f1e16bb9563c31027234845e75e
snippets/related-products.liquid:
  development: 2018-08-24T11:34:49-04:00   b244275cf604c463b92b619b8fc1de0f
snippets/related_product_information.liquid:
  development: 2018-08-24T10:49:26-04:00   e6d43792db342a8fd0bf590c8f511479
templates/cart.liquid:
  development: 2018-08-25T19:52:16-04:00   5a43ea2b3831d136cc8bfc48047bdff6
templates/collection.liquid:
  development: 2018-08-24T10:28:12-04:00   743c1b43db567b816b3756f57f7e75bf
templates/index.liquid:
  development: 2018-07-10T19:39:44-04:00   034564da719f1f503f71c6638210c15a
templates/page.about.liquid:
  development: 2018-08-21T17:39:19-04:00   33b4576891c36bc5d2a46cc55372c6e4
templates/page.contact.liquid:
  development: 2018-08-21T18:11:17-04:00   c3fb8a8221f060cff164b6dbcc48b735
templates/page.liquid:
  development: 2018-08-21T16:46:16-04:00   87e4518c3cb45990f67e31f44037444c
templates/page.services.liquid:
  development: 2018-08-25T15:28:58-04:00   da040bc4105128f70c598364f08b587d
templates/page.sustainability.liquid:
  development: 2018-08-25T15:56:23-04:00   c55a1bf768cc77924f14e457a3857e74
templates/product.liquid:
  development: 2018-08-23T20:44:45-04:00   eac46d6bfd3d4f38f1bc647c88a1c124
